// !$*UTF8*$!
{
	archiveVersion = 1;
	classes = {
	};
	objectVersion = 46;
	objects = {

/* Begin PBXBuildFile section */
		D6465F521E24FBE9004E8623 /* Assets.xcassets in Resources */ = {isa = PBXBuildFile; fileRef = D6465F501E24FBE9004E8623 /* Assets.xcassets */; };
		D6465F531E24FBE9004E8623 /* LaunchScreen.storyboard in Resources */ = {isa = PBXBuildFile; fileRef = D6465F511E24FBE9004E8623 /* LaunchScreen.storyboard */; };
		D6465F551E24FC57004E8623 /* ListenableObject.swift in Sources */ = {isa = PBXBuildFile; fileRef = D6465F541E24FC57004E8623 /* ListenableObject.swift */; };
		D6465F571E24FE5F004E8623 /* ListenerButton.swift in Sources */ = {isa = PBXBuildFile; fileRef = D6465F561E24FE5F004E8623 /* ListenerButton.swift */; };
		D6E73A741E51FF0E00A8D5A5 /* Listenable.framework in Frameworks */ = {isa = PBXBuildFile; fileRef = 46F1E2DA1E33D0E200E83B5B /* Listenable.framework */; };
		D6E73A751E51FF0E00A8D5A5 /* Listenable.framework in Embed Frameworks */ = {isa = PBXBuildFile; fileRef = 46F1E2DA1E33D0E200E83B5B /* Listenable.framework */; settings = {ATTRIBUTES = (CodeSignOnCopy, RemoveHeadersOnCopy, ); }; };
		D6F613DA1E24F632004884E8 /* AppDelegate.swift in Sources */ = {isa = PBXBuildFile; fileRef = D6F613D91E24F632004884E8 /* AppDelegate.swift */; };
		D6F613DC1E24F632004884E8 /* ListenerViewController.swift in Sources */ = {isa = PBXBuildFile; fileRef = D6F613DB1E24F632004884E8 /* ListenerViewController.swift */; };
		D6F613DF1E24F632004884E8 /* Main.storyboard in Resources */ = {isa = PBXBuildFile; fileRef = D6F613DD1E24F632004884E8 /* Main.storyboard */; };
/* End PBXBuildFile section */

/* Begin PBXContainerItemProxy section */
		46F1E2D91E33D0E200E83B5B /* PBXContainerItemProxy */ = {
			isa = PBXContainerItemProxy;
			containerPortal = 46F1E2D41E33D0E200E83B5B /* Listenable.xcodeproj */;
			proxyType = 2;
			remoteGlobalIDString = D6F613B11E24F59D004884E8;
			remoteInfo = Listenable;
		};
		46F1E2DB1E33D0E200E83B5B /* PBXContainerItemProxy */ = {
			isa = PBXContainerItemProxy;
			containerPortal = 46F1E2D41E33D0E200E83B5B /* Listenable.xcodeproj */;
			proxyType = 2;
			remoteGlobalIDString = D6F613BA1E24F59D004884E8;
			remoteInfo = ListenableTests;
		};
		D6E73A761E51FF0E00A8D5A5 /* PBXContainerItemProxy */ = {
			isa = PBXContainerItemProxy;
			containerPortal = 46F1E2D41E33D0E200E83B5B /* Listenable.xcodeproj */;
			proxyType = 1;
			remoteGlobalIDString = D6F613B01E24F59D004884E8;
			remoteInfo = Listenable;
		};
/* End PBXContainerItemProxy section */

/* Begin PBXCopyFilesBuildPhase section */
		D6E73A781E51FF0E00A8D5A5 /* Embed Frameworks */ = {
			isa = PBXCopyFilesBuildPhase;
			buildActionMask = 2147483647;
			dstPath = "";
			dstSubfolderSpec = 10;
			files = (
				D6E73A751E51FF0E00A8D5A5 /* Listenable.framework in Embed Frameworks */,
			);
			name = "Embed Frameworks";
			runOnlyForDeploymentPostprocessing = 0;
		};
/* End PBXCopyFilesBuildPhase section */

/* Begin PBXFileReference section */
		46F1E2D41E33D0E200E83B5B /* Listenable.xcodeproj */ = {isa = PBXFileReference; lastKnownFileType = "wrapper.pb-project"; name = Listenable.xcodeproj; path = ../Sources/Listenable.xcodeproj; sourceTree = "<group>"; };
		D6465F501E24FBE9004E8623 /* Assets.xcassets */ = {isa = PBXFileReference; lastKnownFileType = folder.assetcatalog; path = Assets.xcassets; sourceTree = "<group>"; };
		D6465F511E24FBE9004E8623 /* LaunchScreen.storyboard */ = {isa = PBXFileReference; fileEncoding = 4; lastKnownFileType = file.storyboard; path = LaunchScreen.storyboard; sourceTree = "<group>"; };
		D6465F541E24FC57004E8623 /* ListenableObject.swift */ = {isa = PBXFileReference; fileEncoding = 4; lastKnownFileType = sourcecode.swift; path = ListenableObject.swift; sourceTree = "<group>"; };
		D6465F561E24FE5F004E8623 /* ListenerButton.swift */ = {isa = PBXFileReference; fileEncoding = 4; lastKnownFileType = sourcecode.swift; path = ListenerButton.swift; sourceTree = "<group>"; };
		D6F613D61E24F632004884E8 /* Listenable-Example.app */ = {isa = PBXFileReference; explicitFileType = wrapper.application; includeInIndex = 0; path = "Listenable-Example.app"; sourceTree = BUILT_PRODUCTS_DIR; };
		D6F613D91E24F632004884E8 /* AppDelegate.swift */ = {isa = PBXFileReference; lastKnownFileType = sourcecode.swift; path = AppDelegate.swift; sourceTree = "<group>"; };
		D6F613DB1E24F632004884E8 /* ListenerViewController.swift */ = {isa = PBXFileReference; lastKnownFileType = sourcecode.swift; path = ListenerViewController.swift; sourceTree = "<group>"; };
		D6F613DE1E24F632004884E8 /* Base */ = {isa = PBXFileReference; lastKnownFileType = file.storyboard; name = Base; path = Base.lproj/Main.storyboard; sourceTree = "<group>"; };
		D6F613E51E24F632004884E8 /* Info.plist */ = {isa = PBXFileReference; lastKnownFileType = text.plist.xml; name = Info.plist; path = ../Info.plist; sourceTree = "<group>"; };
/* End PBXFileReference section */

/* Begin PBXFrameworksBuildPhase section */
		D6F613D31E24F632004884E8 /* Frameworks */ = {
			isa = PBXFrameworksBuildPhase;
			buildActionMask = 2147483647;
			files = (
				D6E73A741E51FF0E00A8D5A5 /* Listenable.framework in Frameworks */,
			);
			runOnlyForDeploymentPostprocessing = 0;
		};
/* End PBXFrameworksBuildPhase section */

/* Begin PBXGroup section */
		46F1E2D51E33D0E200E83B5B /* Products */ = {
			isa = PBXGroup;
			children = (
				46F1E2DA1E33D0E200E83B5B /* Listenable.framework */,
				46F1E2DC1E33D0E200E83B5B /* ListenableTests.xctest */,
			);
			name = Products;
			sourceTree = "<group>";
		};
		D6465F4F1E24FBE9004E8623 /* Resource */ = {
			isa = PBXGroup;
			children = (
				D6F613E51E24F632004884E8 /* Info.plist */,
				D6465F501E24FBE9004E8623 /* Assets.xcassets */,
				D6465F511E24FBE9004E8623 /* LaunchScreen.storyboard */,
			);
			path = Resource;
			sourceTree = "<group>";
		};
		D6F613CD1E24F632004884E8 = {
			isa = PBXGroup;
			children = (
				46F1E2D41E33D0E200E83B5B /* Listenable.xcodeproj */,
				D6F613D81E24F632004884E8 /* Listenable-Example */,
				D6F613D71E24F632004884E8 /* Products */,
			);
			sourceTree = "<group>";
		};
		D6F613D71E24F632004884E8 /* Products */ = {
			isa = PBXGroup;
			children = (
				D6F613D61E24F632004884E8 /* Listenable-Example.app */,
			);
			name = Products;
			sourceTree = "<group>";
		};
		D6F613D81E24F632004884E8 /* Listenable-Example */ = {
			isa = PBXGroup;
			children = (
				D6F613D91E24F632004884E8 /* AppDelegate.swift */,
				D6F613DB1E24F632004884E8 /* ListenerViewController.swift */,
				D6465F561E24FE5F004E8623 /* ListenerButton.swift */,
				D6465F541E24FC57004E8623 /* ListenableObject.swift */,
				D6F613DD1E24F632004884E8 /* Main.storyboard */,
				D6465F4F1E24FBE9004E8623 /* Resource */,
			);
			path = "Listenable-Example";
			sourceTree = "<group>";
		};
/* End PBXGroup section */

/* Begin PBXNativeTarget section */
		D6F613D51E24F632004884E8 /* Listenable-Example */ = {
			isa = PBXNativeTarget;
			buildConfigurationList = D6F613E81E24F632004884E8 /* Build configuration list for PBXNativeTarget "Listenable-Example" */;
			buildPhases = (
				D6F613D21E24F632004884E8 /* Sources */,
				D6F613D31E24F632004884E8 /* Frameworks */,
				D6F613D41E24F632004884E8 /* Resources */,
				D6E73A781E51FF0E00A8D5A5 /* Embed Frameworks */,
			);
			buildRules = (
			);
			dependencies = (
				D6E73A771E51FF0E00A8D5A5 /* PBXTargetDependency */,
			);
			name = "Listenable-Example";
			productName = "Listenable-Example";
			productReference = D6F613D61E24F632004884E8 /* Listenable-Example.app */;
			productType = "com.apple.product-type.application";
		};
/* End PBXNativeTarget section */

/* Begin PBXProject section */
		D6F613CE1E24F632004884E8 /* Project object */ = {
			isa = PBXProject;
			attributes = {
				LastSwiftUpdateCheck = 0820;
				LastUpgradeCheck = 0900;
				ORGANIZATIONNAME = "Merrick Sapsford";
				TargetAttributes = {
					D6F613D51E24F632004884E8 = {
						CreatedOnToolsVersion = 8.2;
						LastSwiftMigration = 0900;
						ProvisioningStyle = Automatic;
					};
				};
			};
			buildConfigurationList = D6F613D11E24F632004884E8 /* Build configuration list for PBXProject "Listenable-Example" */;
			compatibilityVersion = "Xcode 3.2";
			developmentRegion = English;
			hasScannedForEncodings = 0;
			knownRegions = (
				en,
				Base,
			);
			mainGroup = D6F613CD1E24F632004884E8;
			productRefGroup = D6F613D71E24F632004884E8 /* Products */;
			projectDirPath = "";
			projectReferences = (
				{
					ProductGroup = 46F1E2D51E33D0E200E83B5B /* Products */;
					ProjectRef = 46F1E2D41E33D0E200E83B5B /* Listenable.xcodeproj */;
				},
			);
			projectRoot = "";
			targets = (
				D6F613D51E24F632004884E8 /* Listenable-Example */,
			);
		};
/* End PBXProject section */

/* Begin PBXReferenceProxy section */
		46F1E2DA1E33D0E200E83B5B /* Listenable.framework */ = {
			isa = PBXReferenceProxy;
			fileType = wrapper.framework;
			path = Listenable.framework;
			remoteRef = 46F1E2D91E33D0E200E83B5B /* PBXContainerItemProxy */;
			sourceTree = BUILT_PRODUCTS_DIR;
		};
		46F1E2DC1E33D0E200E83B5B /* ListenableTests.xctest */ = {
			isa = PBXReferenceProxy;
			fileType = wrapper.cfbundle;
			path = ListenableTests.xctest;
			remoteRef = 46F1E2DB1E33D0E200E83B5B /* PBXContainerItemProxy */;
			sourceTree = BUILT_PRODUCTS_DIR;
		};
/* End PBXReferenceProxy section */

/* Begin PBXResourcesBuildPhase section */
		D6F613D41E24F632004884E8 /* Resources */ = {
			isa = PBXResourcesBuildPhase;
			buildActionMask = 2147483647;
			files = (
				D6465F521E24FBE9004E8623 /* Assets.xcassets in Resources */,
				D6465F531E24FBE9004E8623 /* LaunchScreen.storyboard in Resources */,
				D6F613DF1E24F632004884E8 /* Main.storyboard in Resources */,
			);
			runOnlyForDeploymentPostprocessing = 0;
		};
/* End PBXResourcesBuildPhase section */

/* Begin PBXSourcesBuildPhase section */
		D6F613D21E24F632004884E8 /* Sources */ = {
			isa = PBXSourcesBuildPhase;
			buildActionMask = 2147483647;
			files = (
				D6F613DC1E24F632004884E8 /* ListenerViewController.swift in Sources */,
				D6465F571E24FE5F004E8623 /* ListenerButton.swift in Sources */,
				D6465F551E24FC57004E8623 /* ListenableObject.swift in Sources */,
				D6F613DA1E24F632004884E8 /* AppDelegate.swift in Sources */,
			);
			runOnlyForDeploymentPostprocessing = 0;
		};
/* End PBXSourcesBuildPhase section */

/* Begin PBXTargetDependency section */
		D6E73A771E51FF0E00A8D5A5 /* PBXTargetDependency */ = {
			isa = PBXTargetDependency;
			name = Listenable;
			targetProxy = D6E73A761E51FF0E00A8D5A5 /* PBXContainerItemProxy */;
		};
/* End PBXTargetDependency section */

/* Begin PBXVariantGroup section */
		D6F613DD1E24F632004884E8 /* Main.storyboard */ = {
			isa = PBXVariantGroup;
			children = (
				D6F613DE1E24F632004884E8 /* Base */,
			);
			name = Main.storyboard;
			sourceTree = "<group>";
		};
/* End PBXVariantGroup section */

/* Begin XCBuildConfiguration section */
		D6F613E61E24F632004884E8 /* Debug */ = {
			isa = XCBuildConfiguration;
			buildSettings = {
				ALWAYS_SEARCH_USER_PATHS = NO;
				CLANG_ANALYZER_NONNULL = YES;
				CLANG_CXX_LANGUAGE_STANDARD = "gnu++0x";
				CLANG_CXX_LIBRARY = "libc++";
				CLANG_ENABLE_MODULES = YES;
				CLANG_ENABLE_OBJC_ARC = YES;
				CLANG_WARN_BLOCK_CAPTURE_AUTORELEASING = YES;
				CLANG_WARN_BOOL_CONVERSION = YES;
				CLANG_WARN_COMMA = YES;
				CLANG_WARN_CONSTANT_CONVERSION = YES;
				CLANG_WARN_DIRECT_OBJC_ISA_USAGE = YES_ERROR;
				CLANG_WARN_DOCUMENTATION_COMMENTS = YES;
				CLANG_WARN_EMPTY_BODY = YES;
				CLANG_WARN_ENUM_CONVERSION = YES;
				CLANG_WARN_INFINITE_RECURSION = YES;
				CLANG_WARN_INT_CONVERSION = YES;
				CLANG_WARN_NON_LITERAL_NULL_CONVERSION = YES;
				CLANG_WARN_OBJC_LITERAL_CONVERSION = YES;
				CLANG_WARN_OBJC_ROOT_CLASS = YES_ERROR;
				CLANG_WARN_RANGE_LOOP_ANALYSIS = YES;
				CLANG_WARN_STRICT_PROTOTYPES = YES;
				CLANG_WARN_SUSPICIOUS_MOVE = YES;
				CLANG_WARN_UNREACHABLE_CODE = YES;
				CLANG_WARN__DUPLICATE_METHOD_MATCH = YES;
				"CODE_SIGN_IDENTITY[sdk=iphoneos*]" = "iPhone Developer";
				COPY_PHASE_STRIP = NO;
				DEBUG_INFORMATION_FORMAT = dwarf;
				ENABLE_STRICT_OBJC_MSGSEND = YES;
				ENABLE_TESTABILITY = YES;
				GCC_C_LANGUAGE_STANDARD = gnu99;
				GCC_DYNAMIC_NO_PIC = NO;
				GCC_NO_COMMON_BLOCKS = YES;
				GCC_OPTIMIZATION_LEVEL = 0;
				GCC_PREPROCESSOR_DEFINITIONS = (
					"DEBUG=1",
					"$(inherited)",
				);
				GCC_WARN_64_TO_32_BIT_CONVERSION = YES;
				GCC_WARN_ABOUT_RETURN_TYPE = YES_ERROR;
				GCC_WARN_UNDECLARED_SELECTOR = YES;
				GCC_WARN_UNINITIALIZED_AUTOS = YES_AGGRESSIVE;
				GCC_WARN_UNUSED_FUNCTION = YES;
				GCC_WARN_UNUSED_VARIABLE = YES;
				IPHONEOS_DEPLOYMENT_TARGET = 9.0;
				MTL_ENABLE_DEBUG_INFO = YES;
				ONLY_ACTIVE_ARCH = YES;
				SDKROOT = iphoneos;
				SWIFT_ACTIVE_COMPILATION_CONDITIONS = DEBUG;
				SWIFT_OPTIMIZATION_LEVEL = "-Onone";
			};
			name = Debug;
		};
		D6F613E71E24F632004884E8 /* Release */ = {
			isa = XCBuildConfiguration;
			buildSettings = {
				ALWAYS_SEARCH_USER_PATHS = NO;
				CLANG_ANALYZER_NONNULL = YES;
				CLANG_CXX_LANGUAGE_STANDARD = "gnu++0x";
				CLANG_CXX_LIBRARY = "libc++";
				CLANG_ENABLE_MODULES = YES;
				CLANG_ENABLE_OBJC_ARC = YES;
				CLANG_WARN_BLOCK_CAPTURE_AUTORELEASING = YES;
				CLANG_WARN_BOOL_CONVERSION = YES;
				CLANG_WARN_COMMA = YES;
				CLANG_WARN_CONSTANT_CONVERSION = YES;
				CLANG_WARN_DIRECT_OBJC_ISA_USAGE = YES_ERROR;
				CLANG_WARN_DOCUMENTATION_COMMENTS = YES;
				CLANG_WARN_EMPTY_BODY = YES;
				CLANG_WARN_ENUM_CONVERSION = YES;
				CLANG_WARN_INFINITE_RECURSION = YES;
				CLANG_WARN_INT_CONVERSION = YES;
				CLANG_WARN_NON_LITERAL_NULL_CONVERSION = YES;
				CLANG_WARN_OBJC_LITERAL_CONVERSION = YES;
				CLANG_WARN_OBJC_ROOT_CLASS = YES_ERROR;
				CLANG_WARN_RANGE_LOOP_ANALYSIS = YES;
				CLANG_WARN_STRICT_PROTOTYPES = YES;
				CLANG_WARN_SUSPICIOUS_MOVE = YES;
				CLANG_WARN_UNREACHABLE_CODE = YES;
				CLANG_WARN__DUPLICATE_METHOD_MATCH = YES;
				"CODE_SIGN_IDENTITY[sdk=iphoneos*]" = "iPhone Developer";
				COPY_PHASE_STRIP = NO;
				DEBUG_INFORMATION_FORMAT = "dwarf-with-dsym";
				ENABLE_NS_ASSERTIONS = NO;
				ENABLE_STRICT_OBJC_MSGSEND = YES;
				GCC_C_LANGUAGE_STANDARD = gnu99;
				GCC_NO_COMMON_BLOCKS = YES;
				GCC_WARN_64_TO_32_BIT_CONVERSION = YES;
				GCC_WARN_ABOUT_RETURN_TYPE = YES_ERROR;
				GCC_WARN_UNDECLARED_SELECTOR = YES;
				GCC_WARN_UNINITIALIZED_AUTOS = YES_AGGRESSIVE;
				GCC_WARN_UNUSED_FUNCTION = YES;
				GCC_WARN_UNUSED_VARIABLE = YES;
				IPHONEOS_DEPLOYMENT_TARGET = 9.0;
				MTL_ENABLE_DEBUG_INFO = NO;
				SDKROOT = iphoneos;
				SWIFT_OPTIMIZATION_LEVEL = "-Owholemodule";
				VALIDATE_PRODUCT = YES;
			};
			name = Release;
		};
		D6F613E91E24F632004884E8 /* Debug */ = {
			isa = XCBuildConfiguration;
			buildSettings = {
				ALWAYS_EMBED_SWIFT_STANDARD_LIBRARIES = YES;
				ASSETCATALOG_COMPILER_APPICON_NAME = AppIcon;
				INFOPLIST_FILE = "Listenable-Example/Info.plist";
				LD_RUNPATH_SEARCH_PATHS = "$(inherited) @executable_path/Frameworks";
				PRODUCT_BUNDLE_IDENTIFIER = "com.msapsford.Listenable-Example";
				PRODUCT_NAME = "$(TARGET_NAME)";
				SWIFT_SWIFT3_OBJC_INFERENCE = Off;
				SWIFT_VERSION = 4.0;
			};
			name = Debug;
		};
		D6F613EA1E24F632004884E8 /* Release */ = {
			isa = XCBuildConfiguration;
			buildSettings = {
				ALWAYS_EMBED_SWIFT_STANDARD_LIBRARIES = YES;
				ASSETCATALOG_COMPILER_APPICON_NAME = AppIcon;
				INFOPLIST_FILE = "Listenable-Example/Info.plist";
				LD_RUNPATH_SEARCH_PATHS = "$(inherited) @executable_path/Frameworks";
				PRODUCT_BUNDLE_IDENTIFIER = "com.msapsford.Listenable-Example";
				PRODUCT_NAME = "$(TARGET_NAME)";
				SWIFT_SWIFT3_OBJC_INFERENCE = Off;
				SWIFT_VERSION = 4.0;
			};
			name = Release;
		};
/* End XCBuildConfiguration section */

/* Begin XCConfigurationList section */
		D6F613D11E24F632004884E8 /* Build configuration list for PBXProject "Listenable-Example" */ = {
			isa = XCConfigurationList;
			buildConfigurations = (
				D6F613E61E24F632004884E8 /* Debug */,
				D6F613E71E24F632004884E8 /* Release */,
			);
			defaultConfigurationIsVisible = 0;
			defaultConfigurationName = Release;
		};
		D6F613E81E24F632004884E8 /* Build configuration list for PBXNativeTarget "Listenable-Example" */ = {
			isa = XCConfigurationList;
			buildConfigurations = (
				D6F613E91E24F632004884E8 /* Debug */,
				D6F613EA1E24F632004884E8 /* Release */,
			);
			defaultConfigurationIsVisible = 0;
			defaultConfigurationName = Release;
		};
/* End XCConfigurationList section */
	};
	rootObject = D6F613CE1E24F632004884E8 /* Project object */;
}
